
Microsoft Visual Studio Solution File, Format Version 12.00
# Visual Studio Version 17
VisualStudioVersion = 17.2.32630.192
MinimumVisualStudioVersion = 10.0.40219.1
Project("{FAE04EC0-301F-11D3-BF4B-00C04F79EFBC}") = "Learn Csharp", "Learn Csharp.csproj", "{4372348D-6E25-454E-AB7A-21DE6F1AEB59}"
EndProject
Global
	GlobalSection(SolutionConfigurationPlatforms) = preSolution
		Debug|Any CPU = Debug|Any CPU
		Release|Any CPU = Release|Any CPU
	EndGlobalSection
	GlobalSection(ProjectConfigurationPlatforms) = postSolution
		{4372348D-6E25-454E-AB7A-21DE6F1AEB59}.Debug|Any CPU.ActiveCfg = Debug|Any CPU
		{4372348D-6E25-454E-AB7A-21DE6F1AEB59}.Debug|Any CPU.Build.0 = Debug|Any CPU
		{4372348D-6E25-454E-AB7A-21DE6F1AEB59}.Release|Any CPU.ActiveCfg = Release|Any CPU
		{4372348D-6E25-454E-AB7A-21DE6F1AEB59}.Release|Any CPU.Build.0 = Release|Any CPU
	EndGlobalSection
	GlobalSection(SolutionProperties) = preSolution
		HideSolutionNode = FALSE
	EndGlobalSection
	GlobalSection(ExtensibilityGlobals) = postSolution
		SolutionGuid = {A54097B7-5AE2-4691-93FC-F3721654AE97}
	EndGlobalSection
EndGlobal
